
Microsoft Visual Studio Solution File, Format Version 12.00
# Visual Studio Version 16
VisualStudioVersion = 16.0.30204.135
MinimumVisualStudioVersion = 10.0.40219.1
Project("{FAE04EC0-301F-11D3-BF4B-00C04F79EFBC}") = "BirthdayApp", "BirthdayApp\BirthdayApp.csproj", "{171CFDA6-7474-4935-ADF9-CF2795FD2E14}"
EndProject
Global
	GlobalSection(SolutionConfigurationPlatforms) = preSolution
		Debug|Any CPU = Debug|Any CPU
		Release|Any CPU = Release|Any CPU
	EndGlobalSection
	GlobalSection(ProjectConfigurationPlatforms) = postSolution
		{171CFDA6-7474-4935-ADF9-CF2795FD2E14}.Debug|Any CPU.ActiveCfg = Debug|Any CPU
		{171CFDA6-7474-4935-ADF9-CF2795FD2E14}.Debug|Any CPU.Build.0 = Debug|Any CPU
		{171CFDA6-7474-4935-ADF9-CF2795FD2E14}.Release|Any CPU.ActiveCfg = Release|Any CPU
		{171CFDA6-7474-4935-ADF9-CF2795FD2E14}.Release|Any CPU.Build.0 = Release|Any CPU
	EndGlobalSection
	GlobalSection(SolutionProperties) = preSolution
		HideSolutionNode = FALSE
	EndGlobalSection
	GlobalSection(ExtensibilityGlobals) = postSolution
		SolutionGuid = {F2B9CD56-D3BB-4A06-A846-876EAF027EC5}
	EndGlobalSection
EndGlobal
